<Solution>
  <Folder Name="/benchmarks/">
    <Project Path="benchmarks/Feeder.Matrix.Benchmarks/Feeder.Matrix.Benchmarks.csproj" />
  </Folder>
  <Folder Name="/src/">
    <Project Path="src/Feeder.Matrix.Protocol/Feeder.Matrix.Protocol.csproj" />
    <Project Path="src/Feeder.Matrix/Feeder.Matrix.csproj" />
    <Project Path="src/Feeder.StdioShim/Feeder.StdioShim.csproj" />
  </Folder>
  <Folder Name="/tests/">
    <Project Path="tests/Feeder.Matrix.IntegrationTests/Feeder.Matrix.IntegrationTests.csproj" />
    <Project Path="tests/Feeder.Matrix.ProtocolTests/Feeder.Matrix.ProtocolTests.csproj" />
    <Project Path="tests/Feeder.Matrix.UnitTests/Feeder.Matrix.UnitTests.csproj" />
  </Folder>
</Solution>
