{
  "version": 1,
  "dependencies": {
    "net10.0": {
      "Microsoft.AspNetCore.SignalR.Protocols.MessagePack": {
        "type": "Direct",
        "requested": "[10.0.9, )",
        "resolved": "10.0.9",
        "contentHash": "76zErsAXIb113AjnlimhFFs0XBcD8C1wpduP30EXtexlxTebayCppmp/xqpQJAQJBzTUyUo3Vr7dFlJvSnp4Tw==",
        "dependencies": {
          "MessagePack": "2.5.301"
        }
      },
      "Microsoft.NET.ILLink.Tasks": {
        "type": "Direct",
        "requested": "[10.0.9, )",
        "resolved": "10.0.9",
        "contentHash": "4Iw41e2h7I4t70SJcX2GCmbyKJIlA273Cfm9RJMM050/3VBejGAG1KcthP5Z2L6SQcbfbf6BhNWO26+ZG+GzMg=="
      },
      "ModelContextProtocol.AspNetCore": {
        "type": "Direct",
        "requested": "[1.4.1, )",
        "resolved": "1.4.1",
        "contentHash": "AoI+00fRxb0GAMMabMUgpV5QhNoa/F7I9oiVGHfJKtBZ4g/DEyoDdTS9Rp/m4e3MnXhhvSBeu2wTafhesdf52w==",
        "dependencies": {
          "ModelContextProtocol": "1.4.1"
        }
      },
      "Serilog.AspNetCore": {
        "type": "Direct",
        "requested": "[9.0.0, )",
        "resolved": "9.0.0",
        "contentHash": "JslDajPlBsn3Pww1554flJFTqROvK9zz9jONNQgn0D8Lx2Trw8L0A8/n6zEQK1DAZWXrJwiVLw8cnTR3YFuYsg==",
        "dependencies": {
          "Serilog": "4.2.0",
          "Serilog.Extensions.Hosting": "9.0.0",
          "Serilog.Formatting.Compact": "3.0.0",
          "Serilog.Settings.Configuration": "9.0.0",
          "Serilog.Sinks.Console": "6.0.0",
          "Serilog.Sinks.Debug": "3.0.0",
          "Serilog.Sinks.File": "6.0.0"
        }
      },
      "MessagePack": {
        "type": "Transitive",
        "resolved": "3.1.8",
        "contentHash": "Qk2q+9FVxnMSp+NQ9y3SLz3HqWe7Rg3KRMHhBX28FkKUoOeP9YIU86mA4pFOxDDjUIRA9e7Ssbxs/LwWUcAzPw==",
        "dependencies": {
          "MessagePack.Annotations": "3.1.8",
          "MessagePackAnalyzer": "3.1.8",
          "Microsoft.NET.StringTools": "17.11.4"
        }
      },
      "MessagePack.Annotations": {
        "type": "Transitive",
        "resolved": "3.1.8",
        "contentHash": "SitOtZ4tOlAZZPF7p52M7143F+Cuz7o/aU0MrtAXX0+ZkPXzDNroOFhzzE2ogMFThsoEW/E6akXVVcBFM9ZKaw=="
      },
      "MessagePackAnalyzer": {
        "type": "Transitive",
        "resolved": "3.1.8",
        "contentHash": "Vm4g0cR4YRKRchEOmMJ0uVFU6yxdg7cJa2KHv3SUAHEsdYKvMpHMF5A1hZfsix89ymD5cmuzRnw9a6dKMcvq+Q=="
      },
      "Microsoft.Extensions.AI.Abstractions": {
        "type": "Transitive",
        "resolved": "10.5.2",
        "contentHash": "Ei+YWV9Ybnps7pR1dgjlG29gelXEwZkhLVAcWmKe6HvXS6LNBYgSdWiY3Hk9OZXYtK34rv/NtLWBQYQGOBQYPQ=="
      },
      "Microsoft.Extensions.DependencyModel": {
        "type": "Transitive",
        "resolved": "9.0.0",
        "contentHash": "saxr2XzwgDU77LaQfYFXmddEDRUKHF4DaGMZkNB3qjdVSZlax3//dGJagJkKrGMIPNZs2jVFXITyCCR6UHJNdA=="
      },
      "Microsoft.NET.StringTools": {
        "type": "Transitive",
        "resolved": "17.11.4",
        "contentHash": "mudqUHhNpeqIdJoUx2YDWZO/I9uEDYVowan89R6wsomfnUJQk6HteoQTlNjZDixhT2B4IXMkMtgZtoceIjLRmA=="
      },
      "ModelContextProtocol": {
        "type": "Transitive",
        "resolved": "1.4.1",
        "contentHash": "mP5hvBpoWe5EbWBqHWD09A4Dy6Pq+/vV2dumOV4uegCZcg+yqf8q8wrxtuZ3EQyXEJn9jzsnoiI/qyfJAihlZQ==",
        "dependencies": {
          "ModelContextProtocol.Core": "1.4.1"
        }
      },
      "ModelContextProtocol.Core": {
        "type": "Transitive",
        "resolved": "1.4.1",
        "contentHash": "G/hOBZkJsvF3MSy0sOvXdxca5uRe2Sb4xk7xRuTWNZI45khVBjOLo6nSzGilctIICavNVxbxUF908fLYI9RxkQ==",
        "dependencies": {
          "Microsoft.Extensions.AI.Abstractions": "10.5.2"
        }
      },
      "Serilog": {
        "type": "Transitive",
        "resolved": "4.2.0",
        "contentHash": "gmoWVOvKgbME8TYR+gwMf7osROiWAURterc6Rt2dQyX7wtjZYpqFiA/pY6ztjGQKKV62GGCyOcmtP1UKMHgSmA=="
      },
      "Serilog.Extensions.Hosting": {
        "type": "Transitive",
        "resolved": "9.0.0",
        "contentHash": "u2TRxuxbjvTAldQn7uaAwePkWxTHIqlgjelekBtilAGL5sYyF3+65NWctN4UrwwGLsDC7c3Vz3HnOlu+PcoxXg==",
        "dependencies": {
          "Serilog": "4.2.0",
          "Serilog.Extensions.Logging": "9.0.0"
        }
      },
      "Serilog.Extensions.Logging": {
        "type": "Transitive",
        "resolved": "9.0.0",
        "contentHash": "NwSSYqPJeKNzl5AuXVHpGbr6PkZJFlNa14CdIebVjK3k/76kYj/mz5kiTRNVSsSaxM8kAIa1kpy/qyT9E4npRQ==",
        "dependencies": {
          "Serilog": "4.2.0"
        }
      },
      "Serilog.Formatting.Compact": {
        "type": "Transitive",
        "resolved": "3.0.0",
        "contentHash": "wQsv14w9cqlfB5FX2MZpNsTawckN4a8dryuNGbebB/3Nh1pXnROHZov3swtu3Nj5oNG7Ba+xdu7Et/ulAUPanQ==",
        "dependencies": {
          "Serilog": "4.0.0"
        }
      },
      "Serilog.Settings.Configuration": {
        "type": "Transitive",
        "resolved": "9.0.0",
        "contentHash": "4/Et4Cqwa+F88l5SeFeNZ4c4Z6dEAIKbu3MaQb2Zz9F/g27T5a3wvfMcmCOaAiACjfUb4A6wrlTVfyYUZk3RRQ==",
        "dependencies": {
          "Microsoft.Extensions.DependencyModel": "9.0.0",
          "Serilog": "4.2.0"
        }
      },
      "Serilog.Sinks.Console": {
        "type": "Transitive",
        "resolved": "6.0.0",
        "contentHash": "fQGWqVMClCP2yEyTXPIinSr5c+CBGUvBybPxjAGcf7ctDhadFhrQw03Mv8rJ07/wR5PDfFjewf2LimvXCDzpbA==",
        "dependencies": {
          "Serilog": "4.0.0"
        }
      },
      "Serilog.Sinks.Debug": {
        "type": "Transitive",
        "resolved": "3.0.0",
        "contentHash": "4BzXcdrgRX7wde9PmHuYd9U6YqycCC28hhpKonK7hx0wb19eiuRj16fPcPSVp0o/Y1ipJuNLYQ00R3q2Zs8FDA==",
        "dependencies": {
          "Serilog": "4.0.0"
        }
      },
      "Serilog.Sinks.File": {
        "type": "Transitive",
        "resolved": "6.0.0",
        "contentHash": "lxjg89Y8gJMmFxVkbZ+qDgjl+T4yC5F7WSLTvA+5q0R04tfKVLRL/EHpYoJ/MEQd2EeCKDuylBIVnAYMotmh2A==",
        "dependencies": {
          "Serilog": "4.0.0"
        }
      },
      "feeder.matrix.protocol": {
        "type": "Project",
        "dependencies": {
          "MessagePack": "[3.1.8, )"
        }
      }
    },
    "net10.0/win-x64": {}
  }
}